// !$*UTF8*$!
{
	archiveVersion = 1;
	classes = {
	};
	objectVersion = 46;
	objects = {

/* Begin PBXAggregateTarget section */
		"ghmjolnircore::ghmjolnircorePackageTests::ProductTarget" /* ghmjolnircorePackageTests */ = {
			isa = PBXAggregateTarget;
			buildConfigurationList = OBJ_78 /* Build configuration list for PBXAggregateTarget "ghmjolnircorePackageTests" */;
			buildPhases = (
			);
			dependencies = (
				OBJ_81 /* PBXTargetDependency */,
			);
			name = ghmjolnircorePackageTests;
			productName = ghmjolnircorePackageTests;
		};
/* End PBXAggregateTarget section */

/* Begin PBXBuildFile section */
		92339D77279CB506005DE201 /* GHViewExtension.swift in Sources */ = {isa = PBXBuildFile; fileRef = 92339D76279CB506005DE201 /* GHViewExtension.swift */; };
		92339E3C279D4633005DE201 /* GHModuleBundle.swift in Sources */ = {isa = PBXBuildFile; fileRef = 92339E3B279D4633005DE201 /* GHModuleBundle.swift */; };
		92803C0427A107280059660F /* GHManagerModel.swift in Sources */ = {isa = PBXBuildFile; fileRef = 92803C0327A107280059660F /* GHManagerModel.swift */; };
		9292D26727BEBEE9005F89BA /* GHStrategyTableSwipeController.swift in Sources */ = {isa = PBXBuildFile; fileRef = 9292D26427BEBEE9005F89BA /* GHStrategyTableSwipeController.swift */; };
		9292D26827BEBEE9005F89BA /* GHStrategyTableSwipeController.swift in Sources */ = {isa = PBXBuildFile; fileRef = 9292D26427BEBEE9005F89BA /* GHStrategyTableSwipeController.swift */; };
		9292D26927BEBEE9005F89BA /* GHStrategyTableController.swift in Sources */ = {isa = PBXBuildFile; fileRef = 9292D26527BEBEE9005F89BA /* GHStrategyTableController.swift */; };
		9292D26A27BEBEE9005F89BA /* GHStrategyTableController.swift in Sources */ = {isa = PBXBuildFile; fileRef = 9292D26527BEBEE9005F89BA /* GHStrategyTableController.swift */; };
		9292D26B27BEBEE9005F89BA /* GHStrategyTableSectionController.swift in Sources */ = {isa = PBXBuildFile; fileRef = 9292D26627BEBEE9005F89BA /* GHStrategyTableSectionController.swift */; };
		9292D26C27BEBEE9005F89BA /* GHStrategyTableSectionController.swift in Sources */ = {isa = PBXBuildFile; fileRef = 9292D26627BEBEE9005F89BA /* GHStrategyTableSectionController.swift */; };
		9292D26E27BEBEFC005F89BA /* GHStrategyCollectionController.swift in Sources */ = {isa = PBXBuildFile; fileRef = 9292D26D27BEBEFC005F89BA /* GHStrategyCollectionController.swift */; };
		9292D26F27BEBEFC005F89BA /* GHStrategyCollectionController.swift in Sources */ = {isa = PBXBuildFile; fileRef = 9292D26D27BEBEFC005F89BA /* GHStrategyCollectionController.swift */; };
		9292D27127BEBF18005F89BA /* GHModelCollectionDelegate.swift in Sources */ = {isa = PBXBuildFile; fileRef = 9292D27027BEBF18005F89BA /* GHModelCollectionDelegate.swift */; };
		9292D27227BEBF18005F89BA /* GHModelCollectionDelegate.swift in Sources */ = {isa = PBXBuildFile; fileRef = 9292D27027BEBF18005F89BA /* GHModelCollectionDelegate.swift */; };
		9292D27527BEBF20005F89BA /* GHModelTableDelegate.swift in Sources */ = {isa = PBXBuildFile; fileRef = 9292D27327BEBF1F005F89BA /* GHModelTableDelegate.swift */; };
		9292D27627BEBF20005F89BA /* GHModelTableDelegate.swift in Sources */ = {isa = PBXBuildFile; fileRef = 9292D27327BEBF1F005F89BA /* GHModelTableDelegate.swift */; };
		9292D27727BEBF20005F89BA /* GHModelTableSectionDelegate.swift in Sources */ = {isa = PBXBuildFile; fileRef = 9292D27427BEBF1F005F89BA /* GHModelTableSectionDelegate.swift */; };
		9292D27827BEBF20005F89BA /* GHModelTableSectionDelegate.swift in Sources */ = {isa = PBXBuildFile; fileRef = 9292D27427BEBF1F005F89BA /* GHModelTableSectionDelegate.swift */; };
		OBJ_55 /* GHLiveData.swift in Sources */ = {isa = PBXBuildFile; fileRef = OBJ_11 /* GHLiveData.swift */; };
		OBJ_57 /* GHBundleParameters.swift in Sources */ = {isa = PBXBuildFile; fileRef = OBJ_14 /* GHBundleParameters.swift */; };
		OBJ_58 /* GHManagerController.swift in Sources */ = {isa = PBXBuildFile; fileRef = OBJ_15 /* GHManagerController.swift */; };
		OBJ_59 /* GHNavigationControllerExtesnion.swift in Sources */ = {isa = PBXBuildFile; fileRef = OBJ_17 /* GHNavigationControllerExtesnion.swift */; };
		OBJ_60 /* GHBaseViewControllerDelegate.swift in Sources */ = {isa = PBXBuildFile; fileRef = OBJ_19 /* GHBaseViewControllerDelegate.swift */; };
		OBJ_61 /* GHCacheImage.swift in Sources */ = {isa = PBXBuildFile; fileRef = OBJ_21 /* GHCacheImage.swift */; };
		OBJ_62 /* GHCacheImageDelegate.swift in Sources */ = {isa = PBXBuildFile; fileRef = OBJ_23 /* GHCacheImageDelegate.swift */; };
		OBJ_64 /* GHModelDelegate.swift in Sources */ = {isa = PBXBuildFile; fileRef = OBJ_31 /* GHModelDelegate.swift */; };
		OBJ_68 /* GHColorExtesnion.swift in Sources */ = {isa = PBXBuildFile; fileRef = OBJ_40 /* GHColorExtesnion.swift */; };
		OBJ_69 /* GHBaseViewModuleProtocol.swift in Sources */ = {isa = PBXBuildFile; fileRef = OBJ_42 /* GHBaseViewModuleProtocol.swift */; };
		OBJ_76 /* Package.swift in Sources */ = {isa = PBXBuildFile; fileRef = OBJ_6 /* Package.swift */; };
		OBJ_87 /* ghmjolnircoreTests.swift in Sources */ = {isa = PBXBuildFile; fileRef = OBJ_45 /* ghmjolnircoreTests.swift */; };
		OBJ_89 /* ghmjolnircore.framework in Frameworks */ = {isa = PBXBuildFile; fileRef = "ghmjolnircore::ghmjolnircore::Product" /* ghmjolnircore.framework */; };
/* End PBXBuildFile section */

/* Begin PBXContainerItemProxy section */
		92339D70279C9886005DE201 /* PBXContainerItemProxy */ = {
			isa = PBXContainerItemProxy;
			containerPortal = OBJ_1 /* Project object */;
			proxyType = 1;
			remoteGlobalIDString = "ghmjolnircore::ghmjolnircore";
			remoteInfo = ghmjolnircore;
		};
		92339D71279C9886005DE201 /* PBXContainerItemProxy */ = {
			isa = PBXContainerItemProxy;
			containerPortal = OBJ_1 /* Project object */;
			proxyType = 1;
			remoteGlobalIDString = "ghmjolnircore::ghmjolnircoreTests";
			remoteInfo = ghmjolnircoreTests;
		};
/* End PBXContainerItemProxy section */

/* Begin PBXFileReference section */
		92339D76279CB506005DE201 /* GHViewExtension.swift */ = {isa = PBXFileReference; lastKnownFileType = sourcecode.swift; path = GHViewExtension.swift; sourceTree = "<group>"; };
		92339E3B279D4633005DE201 /* GHModuleBundle.swift */ = {isa = PBXFileReference; lastKnownFileType = sourcecode.swift; path = GHModuleBundle.swift; sourceTree = "<group>"; };
		92803C0327A107280059660F /* GHManagerModel.swift */ = {isa = PBXFileReference; lastKnownFileType = sourcecode.swift; path = GHManagerModel.swift; sourceTree = "<group>"; };
		9292D26427BEBEE9005F89BA /* GHStrategyTableSwipeController.swift */ = {isa = PBXFileReference; fileEncoding = 4; lastKnownFileType = sourcecode.swift; path = GHStrategyTableSwipeController.swift; sourceTree = "<group>"; };
		9292D26527BEBEE9005F89BA /* GHStrategyTableController.swift */ = {isa = PBXFileReference; fileEncoding = 4; lastKnownFileType = sourcecode.swift; path = GHStrategyTableController.swift; sourceTree = "<group>"; };
		9292D26627BEBEE9005F89BA /* GHStrategyTableSectionController.swift */ = {isa = PBXFileReference; fileEncoding = 4; lastKnownFileType = sourcecode.swift; path = GHStrategyTableSectionController.swift; sourceTree = "<group>"; };
		9292D26D27BEBEFC005F89BA /* GHStrategyCollectionController.swift */ = {isa = PBXFileReference; fileEncoding = 4; lastKnownFileType = sourcecode.swift; path = GHStrategyCollectionController.swift; sourceTree = "<group>"; };
		9292D27027BEBF18005F89BA /* GHModelCollectionDelegate.swift */ = {isa = PBXFileReference; fileEncoding = 4; lastKnownFileType = sourcecode.swift; path = GHModelCollectionDelegate.swift; sourceTree = "<group>"; };
		9292D27327BEBF1F005F89BA /* GHModelTableDelegate.swift */ = {isa = PBXFileReference; fileEncoding = 4; lastKnownFileType = sourcecode.swift; path = GHModelTableDelegate.swift; sourceTree = "<group>"; };
		9292D27427BEBF1F005F89BA /* GHModelTableSectionDelegate.swift */ = {isa = PBXFileReference; fileEncoding = 4; lastKnownFileType = sourcecode.swift; path = GHModelTableSectionDelegate.swift; sourceTree = "<group>"; };
		OBJ_11 /* GHLiveData.swift */ = {isa = PBXFileReference; lastKnownFileType = sourcecode.swift; path = GHLiveData.swift; sourceTree = "<group>"; };
		OBJ_14 /* GHBundleParameters.swift */ = {isa = PBXFileReference; lastKnownFileType = sourcecode.swift; path = GHBundleParameters.swift; sourceTree = "<group>"; };
		OBJ_15 /* GHManagerController.swift */ = {isa = PBXFileReference; lastKnownFileType = sourcecode.swift; path = GHManagerController.swift; sourceTree = "<group>"; };
		OBJ_17 /* GHNavigationControllerExtesnion.swift */ = {isa = PBXFileReference; lastKnownFileType = sourcecode.swift; path = GHNavigationControllerExtesnion.swift; sourceTree = "<group>"; };
		OBJ_19 /* GHBaseViewControllerDelegate.swift */ = {isa = PBXFileReference; lastKnownFileType = sourcecode.swift; path = GHBaseViewControllerDelegate.swift; sourceTree = "<group>"; };
		OBJ_21 /* GHCacheImage.swift */ = {isa = PBXFileReference; lastKnownFileType = sourcecode.swift; path = GHCacheImage.swift; sourceTree = "<group>"; };
		OBJ_23 /* GHCacheImageDelegate.swift */ = {isa = PBXFileReference; lastKnownFileType = sourcecode.swift; path = GHCacheImageDelegate.swift; sourceTree = "<group>"; };
		OBJ_31 /* GHModelDelegate.swift */ = {isa = PBXFileReference; lastKnownFileType = sourcecode.swift; path = GHModelDelegate.swift; sourceTree = "<group>"; };
		OBJ_40 /* GHColorExtesnion.swift */ = {isa = PBXFileReference; lastKnownFileType = sourcecode.swift; path = GHColorExtesnion.swift; sourceTree = "<group>"; };
		OBJ_42 /* GHBaseViewModuleProtocol.swift */ = {isa = PBXFileReference; lastKnownFileType = sourcecode.swift; path = GHBaseViewModuleProtocol.swift; sourceTree = "<group>"; };
		OBJ_45 /* ghmjolnircoreTests.swift */ = {isa = PBXFileReference; lastKnownFileType = sourcecode.swift; path = ghmjolnircoreTests.swift; sourceTree = "<group>"; };
		OBJ_49 /* README.md */ = {isa = PBXFileReference; lastKnownFileType = net.daringfireball.markdown; path = README.md; sourceTree = "<group>"; };
		OBJ_6 /* Package.swift */ = {isa = PBXFileReference; explicitFileType = sourcecode.swift; path = Package.swift; sourceTree = "<group>"; };
		OBJ_9 /* ghmjolnircore.h */ = {isa = PBXFileReference; lastKnownFileType = sourcecode.c.h; path = ghmjolnircore.h; sourceTree = "<group>"; };
		"ghmjolnircore::ghmjolnircore::Product" /* ghmjolnircore.framework */ = {isa = PBXFileReference; explicitFileType = wrapper.framework; path = ghmjolnircore.framework; sourceTree = BUILT_PRODUCTS_DIR; };
		"ghmjolnircore::ghmjolnircoreTests::Product" /* ghmjolnircoreTests.xctest */ = {isa = PBXFileReference; lastKnownFileType = file; path = ghmjolnircoreTests.xctest; sourceTree = BUILT_PRODUCTS_DIR; };
/* End PBXFileReference section */

/* Begin PBXFrameworksBuildPhase section */
		OBJ_70 /* Frameworks */ = {
			isa = PBXFrameworksBuildPhase;
			buildActionMask = 0;
			files = (
			);
			runOnlyForDeploymentPostprocessing = 0;
		};
		OBJ_88 /* Frameworks */ = {
			isa = PBXFrameworksBuildPhase;
			buildActionMask = 0;
			files = (
				OBJ_89 /* ghmjolnircore.framework in Frameworks */,
			);
			runOnlyForDeploymentPostprocessing = 0;
		};
/* End PBXFrameworksBuildPhase section */

/* Begin PBXGroup section */
		92339D75279CB4BF005DE201 /* extension */ = {
			isa = PBXGroup;
			children = (
				92339D76279CB506005DE201 /* GHViewExtension.swift */,
				OBJ_40 /* GHColorExtesnion.swift */,
				OBJ_17 /* GHNavigationControllerExtesnion.swift */,
			);
			path = extension;
			sourceTree = "<group>";
		};
		92803C0227A106CD0059660F /* model */ = {
			isa = PBXGroup;
			children = (
				92803C0327A107280059660F /* GHManagerModel.swift */,
			);
			path = model;
			sourceTree = "<group>";
		};
		OBJ_10 /* liveData */ = {
			isa = PBXGroup;
			children = (
				OBJ_11 /* GHLiveData.swift */,
			);
			path = liveData;
			sourceTree = "<group>";
		};
		OBJ_12 /* manager */ = {
			isa = PBXGroup;
			children = (
				92803C0227A106CD0059660F /* model */,
				OBJ_14 /* GHBundleParameters.swift */,
				OBJ_15 /* GHManagerController.swift */,
				OBJ_18 /* protocol */,
			);
			path = manager;
			sourceTree = "<group>";
		};
		OBJ_18 /* protocol */ = {
			isa = PBXGroup;
			children = (
				OBJ_19 /* GHBaseViewControllerDelegate.swift */,
			);
			path = protocol;
			sourceTree = "<group>";
		};
		OBJ_20 /* tool */ = {
			isa = PBXGroup;
			children = (
				92339E3B279D4633005DE201 /* GHModuleBundle.swift */,
				OBJ_21 /* GHCacheImage.swift */,
				OBJ_22 /* protocol */,
			);
			path = tool;
			sourceTree = "<group>";
		};
		OBJ_22 /* protocol */ = {
			isa = PBXGroup;
			children = (
				OBJ_23 /* GHCacheImageDelegate.swift */,
			);
			path = protocol;
			sourceTree = "<group>";
		};
		OBJ_24 /* ui */ = {
			isa = PBXGroup;
			children = (
				OBJ_25 /* list */,
			);
			path = ui;
			sourceTree = "<group>";
		};
		OBJ_25 /* list */ = {
			isa = PBXGroup;
			children = (
				OBJ_29 /* protocol */,
				OBJ_26 /* collection */,
				OBJ_36 /* table */,
			);
			path = list;
			sourceTree = "<group>";
		};
		OBJ_26 /* collection */ = {
			isa = PBXGroup;
			children = (
				OBJ_27 /* controller */,
			);
			path = collection;
			sourceTree = "<group>";
		};
		OBJ_27 /* controller */ = {
			isa = PBXGroup;
			children = (
				9292D26D27BEBEFC005F89BA /* GHStrategyCollectionController.swift */,
			);
			path = controller;
			sourceTree = "<group>";
		};
		OBJ_29 /* protocol */ = {
			isa = PBXGroup;
			children = (
				OBJ_30 /* cell */,
				OBJ_32 /* modelCollection */,
				OBJ_34 /* modelTable */,
			);
			path = protocol;
			sourceTree = "<group>";
		};
		OBJ_30 /* cell */ = {
			isa = PBXGroup;
			children = (
				OBJ_31 /* GHModelDelegate.swift */,
			);
			path = cell;
			sourceTree = "<group>";
		};
		OBJ_32 /* modelCollection */ = {
			isa = PBXGroup;
			children = (
				9292D27027BEBF18005F89BA /* GHModelCollectionDelegate.swift */,
			);
			path = modelCollection;
			sourceTree = "<group>";
		};
		OBJ_34 /* modelTable */ = {
			isa = PBXGroup;
			children = (
				9292D27327BEBF1F005F89BA /* GHModelTableDelegate.swift */,
				9292D27427BEBF1F005F89BA /* GHModelTableSectionDelegate.swift */,
			);
			path = modelTable;
			sourceTree = "<group>";
		};
		OBJ_36 /* table */ = {
			isa = PBXGroup;
			children = (
				OBJ_37 /* controller */,
			);
			path = table;
			sourceTree = "<group>";
		};
		OBJ_37 /* controller */ = {
			isa = PBXGroup;
			children = (
				9292D26527BEBEE9005F89BA /* GHStrategyTableController.swift */,
				9292D26627BEBEE9005F89BA /* GHStrategyTableSectionController.swift */,
				9292D26427BEBEE9005F89BA /* GHStrategyTableSwipeController.swift */,
			);
			path = controller;
			sourceTree = "<group>";
		};
		OBJ_41 /* viewModel */ = {
			isa = PBXGroup;
			children = (
				OBJ_42 /* GHBaseViewModuleProtocol.swift */,
			);
			path = viewModel;
			sourceTree = "<group>";
		};
		OBJ_43 /* Tests */ = {
			isa = PBXGroup;
			children = (
				OBJ_44 /* ghmjolnircoreTests */,
			);
			name = Tests;
			sourceTree = SOURCE_ROOT;
		};
		OBJ_44 /* ghmjolnircoreTests */ = {
			isa = PBXGroup;
			children = (
				OBJ_45 /* ghmjolnircoreTests.swift */,
			);
			name = ghmjolnircoreTests;
			path = Tests/ghmjolnircoreTests;
			sourceTree = SOURCE_ROOT;
		};
		OBJ_46 /* Products */ = {
			isa = PBXGroup;
			children = (
				"ghmjolnircore::ghmjolnircore::Product" /* ghmjolnircore.framework */,
				"ghmjolnircore::ghmjolnircoreTests::Product" /* ghmjolnircoreTests.xctest */,
			);
			name = Products;
			sourceTree = BUILT_PRODUCTS_DIR;
		};
		OBJ_5 = {
			isa = PBXGroup;
			children = (
				OBJ_6 /* Package.swift */,
				OBJ_7 /* Sources */,
				OBJ_43 /* Tests */,
				OBJ_46 /* Products */,
				OBJ_49 /* README.md */,
			);
			sourceTree = "<group>";
		};
		OBJ_7 /* Sources */ = {
			isa = PBXGroup;
			children = (
				OBJ_8 /* ghmjolnircore */,
			);
			name = Sources;
			sourceTree = SOURCE_ROOT;
		};
		OBJ_8 /* ghmjolnircore */ = {
			isa = PBXGroup;
			children = (
				OBJ_9 /* ghmjolnircore.h */,
				OBJ_10 /* liveData */,
				OBJ_12 /* manager */,
				OBJ_20 /* tool */,
				OBJ_24 /* ui */,
				OBJ_41 /* viewModel */,
				92339D75279CB4BF005DE201 /* extension */,
			);
			name = ghmjolnircore;
			path = Sources/ghmjolnircore;
			sourceTree = SOURCE_ROOT;
		};
/* End PBXGroup section */

/* Begin PBXNativeTarget section */
		"ghmjolnircore::SwiftPMPackageDescription" /* ghmjolnircorePackageDescription */ = {
			isa = PBXNativeTarget;
			buildConfigurationList = OBJ_72 /* Build configuration list for PBXNativeTarget "ghmjolnircorePackageDescription" */;
			buildPhases = (
				OBJ_75 /* Sources */,
			);
			buildRules = (
			);
			dependencies = (
			);
			name = ghmjolnircorePackageDescription;
			productName = ghmjolnircorePackageDescription;
			productType = "com.apple.product-type.framework";
		};
		"ghmjolnircore::ghmjolnircore" /* ghmjolnircore */ = {
			isa = PBXNativeTarget;
			buildConfigurationList = OBJ_51 /* Build configuration list for PBXNativeTarget "ghmjolnircore" */;
			buildPhases = (
				OBJ_54 /* Sources */,
				OBJ_70 /* Frameworks */,
			);
			buildRules = (
			);
			dependencies = (
			);
			name = ghmjolnircore;
			productName = ghmjolnircore;
			productReference = "ghmjolnircore::ghmjolnircore::Product" /* ghmjolnircore.framework */;
			productType = "com.apple.product-type.framework";
		};
		"ghmjolnircore::ghmjolnircoreTests" /* ghmjolnircoreTests */ = {
			isa = PBXNativeTarget;
			buildConfigurationList = OBJ_83 /* Build configuration list for PBXNativeTarget "ghmjolnircoreTests" */;
			buildPhases = (
				OBJ_86 /* Sources */,
				OBJ_88 /* Frameworks */,
			);
			buildRules = (
			);
			dependencies = (
				OBJ_90 /* PBXTargetDependency */,
			);
			name = ghmjolnircoreTests;
			productName = ghmjolnircoreTests;
			productReference = "ghmjolnircore::ghmjolnircoreTests::Product" /* ghmjolnircoreTests.xctest */;
			productType = "com.apple.product-type.bundle.unit-test";
		};
/* End PBXNativeTarget section */

/* Begin PBXProject section */
		OBJ_1 /* Project object */ = {
			isa = PBXProject;
			attributes = {
				LastSwiftMigration = 9999;
				LastUpgradeCheck = 9999;
			};
			buildConfigurationList = OBJ_2 /* Build configuration list for PBXProject "ghmjolnircore" */;
			compatibilityVersion = "Xcode 3.2";
			developmentRegion = en;
			hasScannedForEncodings = 0;
			knownRegions = (
				en,
			);
			mainGroup = OBJ_5;
			productRefGroup = OBJ_46 /* Products */;
			projectDirPath = "";
			projectRoot = "";
			targets = (
				"ghmjolnircore::ghmjolnircore" /* ghmjolnircore */,
				"ghmjolnircore::SwiftPMPackageDescription" /* ghmjolnircorePackageDescription */,
				"ghmjolnircore::ghmjolnircorePackageTests::ProductTarget" /* ghmjolnircorePackageTests */,
				"ghmjolnircore::ghmjolnircoreTests" /* ghmjolnircoreTests */,
			);
		};
/* End PBXProject section */

/* Begin PBXSourcesBuildPhase section */
		OBJ_54 /* Sources */ = {
			isa = PBXSourcesBuildPhase;
			buildActionMask = 0;
			files = (
				9292D27727BEBF20005F89BA /* GHModelTableSectionDelegate.swift in Sources */,
				OBJ_55 /* GHLiveData.swift in Sources */,
				OBJ_57 /* GHBundleParameters.swift in Sources */,
				OBJ_58 /* GHManagerController.swift in Sources */,
				OBJ_59 /* GHNavigationControllerExtesnion.swift in Sources */,
				OBJ_60 /* GHBaseViewControllerDelegate.swift in Sources */,
				OBJ_61 /* GHCacheImage.swift in Sources */,
				92339D77279CB506005DE201 /* GHViewExtension.swift in Sources */,
				9292D27127BEBF18005F89BA /* GHModelCollectionDelegate.swift in Sources */,
				OBJ_62 /* GHCacheImageDelegate.swift in Sources */,
				9292D26727BEBEE9005F89BA /* GHStrategyTableSwipeController.swift in Sources */,
				92339E3C279D4633005DE201 /* GHModuleBundle.swift in Sources */,
				OBJ_64 /* GHModelDelegate.swift in Sources */,
				92803C0427A107280059660F /* GHManagerModel.swift in Sources */,
				9292D26E27BEBEFC005F89BA /* GHStrategyCollectionController.swift in Sources */,
				9292D26B27BEBEE9005F89BA /* GHStrategyTableSectionController.swift in Sources */,
				OBJ_68 /* GHColorExtesnion.swift in Sources */,
				OBJ_69 /* GHBaseViewModuleProtocol.swift in Sources */,
				9292D27527BEBF20005F89BA /* GHModelTableDelegate.swift in Sources */,
				9292D26927BEBEE9005F89BA /* GHStrategyTableController.swift in Sources */,
			);
			runOnlyForDeploymentPostprocessing = 0;
		};
		OBJ_75 /* Sources */ = {
			isa = PBXSourcesBuildPhase;
			buildActionMask = 0;
			files = (
				9292D26C27BEBEE9005F89BA /* GHStrategyTableSectionController.swift in Sources */,
				9292D27627BEBF20005F89BA /* GHModelTableDelegate.swift in Sources */,
				9292D27227BEBF18005F89BA /* GHModelCollectionDelegate.swift in Sources */,
				OBJ_76 /* Package.swift in Sources */,
				9292D27827BEBF20005F89BA /* GHModelTableSectionDelegate.swift in Sources */,
				9292D26827BEBEE9005F89BA /* GHStrategyTableSwipeController.swift in Sources */,
				9292D26A27BEBEE9005F89BA /* GHStrategyTableController.swift in Sources */,
				9292D26F27BEBEFC005F89BA /* GHStrategyCollectionController.swift in Sources */,
			);
			runOnlyForDeploymentPostprocessing = 0;
		};
		OBJ_86 /* Sources */ = {
			isa = PBXSourcesBuildPhase;
			buildActionMask = 0;
			files = (
				OBJ_87 /* ghmjolnircoreTests.swift in Sources */,
			);
			runOnlyForDeploymentPostprocessing = 0;
		};
/* End PBXSourcesBuildPhase section */

/* Begin PBXTargetDependency section */
		OBJ_81 /* PBXTargetDependency */ = {
			isa = PBXTargetDependency;
			target = "ghmjolnircore::ghmjolnircoreTests" /* ghmjolnircoreTests */;
			targetProxy = 92339D71279C9886005DE201 /* PBXContainerItemProxy */;
		};
		OBJ_90 /* PBXTargetDependency */ = {
			isa = PBXTargetDependency;
			target = "ghmjolnircore::ghmjolnircore" /* ghmjolnircore */;
			targetProxy = 92339D70279C9886005DE201 /* PBXContainerItemProxy */;
		};
/* End PBXTargetDependency section */

/* Begin XCBuildConfiguration section */
		OBJ_3 /* Debug */ = {
			isa = XCBuildConfiguration;
			buildSettings = {
				CLANG_ENABLE_OBJC_ARC = YES;
				COMBINE_HIDPI_IMAGES = YES;
				COPY_PHASE_STRIP = NO;
				DEBUG_INFORMATION_FORMAT = dwarf;
				DYLIB_INSTALL_NAME_BASE = "@rpath";
				ENABLE_NS_ASSERTIONS = YES;
				GCC_OPTIMIZATION_LEVEL = 0;
				GCC_PREPROCESSOR_DEFINITIONS = (
					"$(inherited)",
					"SWIFT_PACKAGE=1",
					"DEBUG=1",
				);
				MACOSX_DEPLOYMENT_TARGET = 10.10;
				ONLY_ACTIVE_ARCH = YES;
				OTHER_SWIFT_FLAGS = "$(inherited) -DXcode";
				PRODUCT_NAME = "$(TARGET_NAME)";
				SDKROOT = macosx;
				SUPPORTED_PLATFORMS = "$(AVAILABLE_PLATFORMS)";
				SUPPORTS_MACCATALYST = YES;
				SWIFT_ACTIVE_COMPILATION_CONDITIONS = "$(inherited) SWIFT_PACKAGE DEBUG";
				SWIFT_OPTIMIZATION_LEVEL = "-Onone";
				USE_HEADERMAP = NO;
			};
			name = Debug;
		};
		OBJ_4 /* Release */ = {
			isa = XCBuildConfiguration;
			buildSettings = {
				CLANG_ENABLE_OBJC_ARC = YES;
				COMBINE_HIDPI_IMAGES = YES;
				COPY_PHASE_STRIP = YES;
				DEBUG_INFORMATION_FORMAT = "dwarf-with-dsym";
				DYLIB_INSTALL_NAME_BASE = "@rpath";
				GCC_OPTIMIZATION_LEVEL = s;
				GCC_PREPROCESSOR_DEFINITIONS = (
					"$(inherited)",
					"SWIFT_PACKAGE=1",
				);
				MACOSX_DEPLOYMENT_TARGET = 10.10;
				OTHER_SWIFT_FLAGS = "$(inherited) -DXcode";
				PRODUCT_NAME = "$(TARGET_NAME)";
				SDKROOT = macosx;
				SUPPORTED_PLATFORMS = "$(AVAILABLE_PLATFORMS)";
				SUPPORTS_MACCATALYST = YES;
				SWIFT_ACTIVE_COMPILATION_CONDITIONS = "$(inherited) SWIFT_PACKAGE";
				SWIFT_OPTIMIZATION_LEVEL = "-Owholemodule";
				USE_HEADERMAP = NO;
			};
			name = Release;
		};
		OBJ_52 /* Debug */ = {
			isa = XCBuildConfiguration;
			buildSettings = {
				CURRENT_PROJECT_VERSION = 1;
				DRIVERKIT_DEPLOYMENT_TARGET = 19.0;
				ENABLE_TESTABILITY = YES;
				FRAMEWORK_SEARCH_PATHS = (
					"$(inherited)",
					"$(PLATFORM_DIR)/Developer/Library/Frameworks",
				);
				HEADER_SEARCH_PATHS = "$(inherited)";
				INFOPLIST_FILE = ghmjolnircore.xcodeproj/ghmjolnircore_Info.plist;
				IPHONEOS_DEPLOYMENT_TARGET = 12.0;
				LD_RUNPATH_SEARCH_PATHS = "$(inherited) $(TOOLCHAIN_DIR)/usr/lib/swift/macosx";
				MACOSX_DEPLOYMENT_TARGET = 10.10;
				OTHER_CFLAGS = "$(inherited)";
				OTHER_LDFLAGS = "$(inherited)";
				OTHER_SWIFT_FLAGS = "$(inherited)";
				PRODUCT_BUNDLE_IDENTIFIER = ghmjolnircore;
				PRODUCT_MODULE_NAME = "$(TARGET_NAME:c99extidentifier)";
				PRODUCT_NAME = "$(TARGET_NAME:c99extidentifier)";
				SKIP_INSTALL = YES;
				SWIFT_ACTIVE_COMPILATION_CONDITIONS = "$(inherited)";
				SWIFT_VERSION = 5.0;
				TARGET_NAME = ghmjolnircore;
				TVOS_DEPLOYMENT_TARGET = 9.0;
				WATCHOS_DEPLOYMENT_TARGET = 2.0;
			};
			name = Debug;
		};
		OBJ_53 /* Release */ = {
			isa = XCBuildConfiguration;
			buildSettings = {
				CURRENT_PROJECT_VERSION = 1;
				DRIVERKIT_DEPLOYMENT_TARGET = 19.0;
				ENABLE_TESTABILITY = YES;
				FRAMEWORK_SEARCH_PATHS = (
					"$(inherited)",
					"$(PLATFORM_DIR)/Developer/Library/Frameworks",
				);
				HEADER_SEARCH_PATHS = "$(inherited)";
				INFOPLIST_FILE = ghmjolnircore.xcodeproj/ghmjolnircore_Info.plist;
				IPHONEOS_DEPLOYMENT_TARGET = 12.0;
				LD_RUNPATH_SEARCH_PATHS = "$(inherited) $(TOOLCHAIN_DIR)/usr/lib/swift/macosx";
				MACOSX_DEPLOYMENT_TARGET = 10.10;
				OTHER_CFLAGS = "$(inherited)";
				OTHER_LDFLAGS = "$(inherited)";
				OTHER_SWIFT_FLAGS = "$(inherited)";
				PRODUCT_BUNDLE_IDENTIFIER = ghmjolnircore;
				PRODUCT_MODULE_NAME = "$(TARGET_NAME:c99extidentifier)";
				PRODUCT_NAME = "$(TARGET_NAME:c99extidentifier)";
				SKIP_INSTALL = YES;
				SWIFT_ACTIVE_COMPILATION_CONDITIONS = "$(inherited)";
				SWIFT_VERSION = 5.0;
				TARGET_NAME = ghmjolnircore;
				TVOS_DEPLOYMENT_TARGET = 9.0;
				WATCHOS_DEPLOYMENT_TARGET = 2.0;
			};
			name = Release;
		};
		OBJ_73 /* Debug */ = {
			isa = XCBuildConfiguration;
			buildSettings = {
				LD = /usr/bin/true;
				OTHER_SWIFT_FLAGS = "-swift-version 5 -I $(TOOLCHAIN_DIR)/usr/lib/swift/pm/ManifestAPI -sdk /Applications/Xcode.app/Contents/Developer/Platforms/MacOSX.platform/Developer/SDKs/MacOSX12.1.sdk -package-description-version 5.5.0";
				SWIFT_VERSION = 5.0;
			};
			name = Debug;
		};
		OBJ_74 /* Release */ = {
			isa = XCBuildConfiguration;
			buildSettings = {
				LD = /usr/bin/true;
				OTHER_SWIFT_FLAGS = "-swift-version 5 -I $(TOOLCHAIN_DIR)/usr/lib/swift/pm/ManifestAPI -sdk /Applications/Xcode.app/Contents/Developer/Platforms/MacOSX.platform/Developer/SDKs/MacOSX12.1.sdk -package-description-version 5.5.0";
				SWIFT_VERSION = 5.0;
			};
			name = Release;
		};
		OBJ_79 /* Debug */ = {
			isa = XCBuildConfiguration;
			buildSettings = {
			};
			name = Debug;
		};
		OBJ_80 /* Release */ = {
			isa = XCBuildConfiguration;
			buildSettings = {
			};
			name = Release;
		};
		OBJ_84 /* Debug */ = {
			isa = XCBuildConfiguration;
			buildSettings = {
				CLANG_ENABLE_MODULES = YES;
				CURRENT_PROJECT_VERSION = 1;
				DRIVERKIT_DEPLOYMENT_TARGET = 19.0;
				EMBEDDED_CONTENT_CONTAINS_SWIFT = YES;
				FRAMEWORK_SEARCH_PATHS = (
					"$(inherited)",
					"$(PLATFORM_DIR)/Developer/Library/Frameworks",
				);
				HEADER_SEARCH_PATHS = "$(inherited)";
				INFOPLIST_FILE = ghmjolnircore.xcodeproj/ghmjolnircoreTests_Info.plist;
				IPHONEOS_DEPLOYMENT_TARGET = 14.0;
				LD_RUNPATH_SEARCH_PATHS = "$(inherited) @loader_path/../Frameworks @loader_path/Frameworks";
				MACOSX_DEPLOYMENT_TARGET = 11.0;
				OTHER_CFLAGS = "$(inherited)";
				OTHER_LDFLAGS = "$(inherited)";
				OTHER_SWIFT_FLAGS = "$(inherited)";
				SWIFT_ACTIVE_COMPILATION_CONDITIONS = "$(inherited)";
				SWIFT_VERSION = 5.0;
				TARGET_NAME = ghmjolnircoreTests;
				TVOS_DEPLOYMENT_TARGET = 14.0;
				WATCHOS_DEPLOYMENT_TARGET = 7.0;
			};
			name = Debug;
		};
		OBJ_85 /* Release */ = {
			isa = XCBuildConfiguration;
			buildSettings = {
				CLANG_ENABLE_MODULES = YES;
				CURRENT_PROJECT_VERSION = 1;
				DRIVERKIT_DEPLOYMENT_TARGET = 19.0;
				EMBEDDED_CONTENT_CONTAINS_SWIFT = YES;
				FRAMEWORK_SEARCH_PATHS = (
					"$(inherited)",
					"$(PLATFORM_DIR)/Developer/Library/Frameworks",
				);
				HEADER_SEARCH_PATHS = "$(inherited)";
				INFOPLIST_FILE = ghmjolnircore.xcodeproj/ghmjolnircoreTests_Info.plist;
				IPHONEOS_DEPLOYMENT_TARGET = 14.0;
				LD_RUNPATH_SEARCH_PATHS = "$(inherited) @loader_path/../Frameworks @loader_path/Frameworks";
				MACOSX_DEPLOYMENT_TARGET = 11.0;
				OTHER_CFLAGS = "$(inherited)";
				OTHER_LDFLAGS = "$(inherited)";
				OTHER_SWIFT_FLAGS = "$(inherited)";
				SWIFT_ACTIVE_COMPILATION_CONDITIONS = "$(inherited)";
				SWIFT_VERSION = 5.0;
				TARGET_NAME = ghmjolnircoreTests;
				TVOS_DEPLOYMENT_TARGET = 14.0;
				WATCHOS_DEPLOYMENT_TARGET = 7.0;
			};
			name = Release;
		};
/* End XCBuildConfiguration section */

/* Begin XCConfigurationList section */
		OBJ_2 /* Build configuration list for PBXProject "ghmjolnircore" */ = {
			isa = XCConfigurationList;
			buildConfigurations = (
				OBJ_3 /* Debug */,
				OBJ_4 /* Release */,
			);
			defaultConfigurationIsVisible = 0;
			defaultConfigurationName = Release;
		};
		OBJ_51 /* Build configuration list for PBXNativeTarget "ghmjolnircore" */ = {
			isa = XCConfigurationList;
			buildConfigurations = (
				OBJ_52 /* Debug */,
				OBJ_53 /* Release */,
			);
			defaultConfigurationIsVisible = 0;
			defaultConfigurationName = Release;
		};
		OBJ_72 /* Build configuration list for PBXNativeTarget "ghmjolnircorePackageDescription" */ = {
			isa = XCConfigurationList;
			buildConfigurations = (
				OBJ_73 /* Debug */,
				OBJ_74 /* Release */,
			);
			defaultConfigurationIsVisible = 0;
			defaultConfigurationName = Release;
		};
		OBJ_78 /* Build configuration list for PBXAggregateTarget "ghmjolnircorePackageTests" */ = {
			isa = XCConfigurationList;
			buildConfigurations = (
				OBJ_79 /* Debug */,
				OBJ_80 /* Release */,
			);
			defaultConfigurationIsVisible = 0;
			defaultConfigurationName = Release;
		};
		OBJ_83 /* Build configuration list for PBXNativeTarget "ghmjolnircoreTests" */ = {
			isa = XCConfigurationList;
			buildConfigurations = (
				OBJ_84 /* Debug */,
				OBJ_85 /* Release */,
			);
			defaultConfigurationIsVisible = 0;
			defaultConfigurationName = Release;
		};
/* End XCConfigurationList section */
	};
	rootObject = OBJ_1 /* Project object */;
}
